
Microsoft Visual Studio Solution File, Format Version 12.00
# Visual Studio Version 17
VisualStudioVersion = 17.1.32210.238
MinimumVisualStudioVersion = 10.0.40219.1
Project("{FAE04EC0-301F-11D3-BF4B-00C04F79EFBC}") = "CapaDatos", "CapaDatos\CapaDatos.csproj", "{0A9CC4AF-813F-4F7A-AC77-880F574012CF}"
EndProject
Project("{FAE04EC0-301F-11D3-BF4B-00C04F79EFBC}") = "CapaNegocios", "CapaNegocios\CapaNegocios.csproj", "{776EBEF9-2A34-4E68-9970-C17F2FDC447F}"
EndProject
Project("{FAE04EC0-301F-11D3-BF4B-00C04F79EFBC}") = "CapaEntidad", "CapaEntidad\CapaEntidad.csproj", "{C0DF7B47-1465-4CF2-AF91-E36A180492A0}"
EndProject
Project("{FAE04EC0-301F-11D3-BF4B-00C04F79EFBC}") = "CapaPresentacion", "CapaPresentacion\CapaPresentacion.csproj", "{CFAFB5F3-E0D0-48E3-B63E-F066D9599131}"
EndProject
Global
	GlobalSection(SolutionConfigurationPlatforms) = preSolution
		Debug|Any CPU = Debug|Any CPU
		Release|Any CPU = Release|Any CPU
	EndGlobalSection
	GlobalSection(ProjectConfigurationPlatforms) = postSolution
		{0A9CC4AF-813F-4F7A-AC77-880F574012CF}.Debug|Any CPU.ActiveCfg = Debug|Any CPU
		{0A9CC4AF-813F-4F7A-AC77-880F574012CF}.Debug|Any CPU.Build.0 = Debug|Any CPU
		{0A9CC4AF-813F-4F7A-AC77-880F574012CF}.Release|Any CPU.ActiveCfg = Release|Any CPU
		{0A9CC4AF-813F-4F7A-AC77-880F574012CF}.Release|Any CPU.Build.0 = Release|Any CPU
		{776EBEF9-2A34-4E68-9970-C17F2FDC447F}.Debug|Any CPU.ActiveCfg = Debug|Any CPU
		{776EBEF9-2A34-4E68-9970-C17F2FDC447F}.Debug|Any CPU.Build.0 = Debug|Any CPU
		{776EBEF9-2A34-4E68-9970-C17F2FDC447F}.Release|Any CPU.ActiveCfg = Release|Any CPU
		{776EBEF9-2A34-4E68-9970-C17F2FDC447F}.Release|Any CPU.Build.0 = Release|Any CPU
		{C0DF7B47-1465-4CF2-AF91-E36A180492A0}.Debug|Any CPU.ActiveCfg = Debug|Any CPU
		{C0DF7B47-1465-4CF2-AF91-E36A180492A0}.Debug|Any CPU.Build.0 = Debug|Any CPU
		{C0DF7B47-1465-4CF2-AF91-E36A180492A0}.Release|Any CPU.ActiveCfg = Release|Any CPU
		{C0DF7B47-1465-4CF2-AF91-E36A180492A0}.Release|Any CPU.Build.0 = Release|Any CPU
		{CFAFB5F3-E0D0-48E3-B63E-F066D9599131}.Debug|Any CPU.ActiveCfg = Debug|Any CPU
		{CFAFB5F3-E0D0-48E3-B63E-F066D9599131}.Debug|Any CPU.Build.0 = Debug|Any CPU
		{CFAFB5F3-E0D0-48E3-B63E-F066D9599131}.Release|Any CPU.ActiveCfg = Release|Any CPU
		{CFAFB5F3-E0D0-48E3-B63E-F066D9599131}.Release|Any CPU.Build.0 = Release|Any CPU
	EndGlobalSection
	GlobalSection(SolutionProperties) = preSolution
		HideSolutionNode = FALSE
	EndGlobalSection
	GlobalSection(ExtensibilityGlobals) = postSolution
		SolutionGuid = {2A4202DB-DE66-42C9-9C5D-4CFC12663DED}
	EndGlobalSection
EndGlobal
